
Microsoft Visual Studio Solution File, Format Version 12.00
# Visual Studio Version 17
VisualStudioVersion = 17.14.36221.1 d17.14
MinimumVisualStudioVersion = 10.0.40219.1
Project("{FAE04EC0-301F-11D3-BF4B-00C04F79EFBC}") = "NilaiSiswaApp", "NilaiSiswaApp.csproj", "{4C9780BF-A9E4-4356-B774-0A773DEFEFB2}"
EndProject
Global
	GlobalSection(SolutionConfigurationPlatforms) = preSolution
		Debug|Any CPU = Debug|Any CPU
		Release|Any CPU = Release|Any CPU
	EndGlobalSection
	GlobalSection(ProjectConfigurationPlatforms) = postSolution
		{4C9780BF-A9E4-4356-B774-0A773DEFEFB2}.Debug|Any CPU.ActiveCfg = Debug|Any CPU
		{4C9780BF-A9E4-4356-B774-0A773DEFEFB2}.Debug|Any CPU.Build.0 = Debug|Any CPU
		{4C9780BF-A9E4-4356-B774-0A773DEFEFB2}.Release|Any CPU.ActiveCfg = Release|Any CPU
		{4C9780BF-A9E4-4356-B774-0A773DEFEFB2}.Release|Any CPU.Build.0 = Release|Any CPU
	EndGlobalSection
	GlobalSection(SolutionProperties) = preSolution
		HideSolutionNode = FALSE
	EndGlobalSection
	GlobalSection(ExtensibilityGlobals) = postSolution
		SolutionGuid = {1B858B51-B373-4B38-9037-A31DAE2511A4}
	EndGlobalSection
EndGlobal
